
Microsoft Visual Studio Solution File, Format Version 10.00
# Visual Studio 2008
Project("{FAE04EC0-301F-11D3-BF4B-00C04F79EFBC}") = "proxy", "proxy\proxy.csproj", "{21ECAABB-3CCD-4985-8A74-02F8ED71723A}"
EndProject
Global
	GlobalSection(SubversionScc) = preSolution
		Svn-Managed = True
		Manager = AnkhSVN - Subversion Support for Visual Studio
	EndGlobalSection
	GlobalSection(SolutionConfigurationPlatforms) = preSolution
		Debug|Any CPU = Debug|Any CPU
		Release|Any CPU = Release|Any CPU
	EndGlobalSection
	GlobalSection(ProjectConfigurationPlatforms) = postSolution
		{21ECAABB-3CCD-4985-8A74-02F8ED71723A}.Debug|Any CPU.ActiveCfg = Debug|Any CPU
		{21ECAABB-3CCD-4985-8A74-02F8ED71723A}.Debug|Any CPU.Build.0 = Debug|Any CPU
		{21ECAABB-3CCD-4985-8A74-02F8ED71723A}.Release|Any CPU.ActiveCfg = Release|Any CPU
		{21ECAABB-3CCD-4985-8A74-02F8ED71723A}.Release|Any CPU.Build.0 = Release|Any CPU
	EndGlobalSection
	GlobalSection(SolutionProperties) = preSolution
		HideSolutionNode = FALSE
	EndGlobalSection
EndGlobal
